
Microsoft Visual Studio Solution File, Format Version 12.00
# Visual Studio Version 16
VisualStudioVersion = 16.0.32002.261
MinimumVisualStudioVersion = 10.0.40219.1
Project("{F184B08F-C81C-45F6-A57F-5ABD9991F28F}") = "SethRasFirstAssignment", "SethRasFirstAssignment\SethRasFirstAssignment.vbproj", "{3DFE1FFC-B1FE-4030-9AF0-A54D6CCBC62C}"
EndProject
Global
	GlobalSection(SolutionConfigurationPlatforms) = preSolution
		Debug|Any CPU = Debug|Any CPU
		Release|Any CPU = Release|Any CPU
	EndGlobalSection
	GlobalSection(ProjectConfigurationPlatforms) = postSolution
		{3DFE1FFC-B1FE-4030-9AF0-A54D6CCBC62C}.Debug|Any CPU.ActiveCfg = Debug|Any CPU
		{3DFE1FFC-B1FE-4030-9AF0-A54D6CCBC62C}.Debug|Any CPU.Build.0 = Debug|Any CPU
		{3DFE1FFC-B1FE-4030-9AF0-A54D6CCBC62C}.Release|Any CPU.ActiveCfg = Release|Any CPU
		{3DFE1FFC-B1FE-4030-9AF0-A54D6CCBC62C}.Release|Any CPU.Build.0 = Release|Any CPU
	EndGlobalSection
	GlobalSection(SolutionProperties) = preSolution
		HideSolutionNode = FALSE
	EndGlobalSection
	GlobalSection(ExtensibilityGlobals) = postSolution
		SolutionGuid = {7B18BE66-E863-466C-998C-D1D067F10A6F}
	EndGlobalSection
EndGlobal
